
Microsoft Visual Studio Solution File, Format Version 12.00
# Visual Studio Version 16
VisualStudioVersion = 16.0.31112.23
MinimumVisualStudioVersion = 10.0.40219.1
Project("{FAE04EC0-301F-11D3-BF4B-00C04F79EFBC}") = "XmlSort", "XmlSort.csproj", "{7E5447B9-3A6E-40E4-BE05-3FB127149CA4}"
EndProject
Global
	GlobalSection(SolutionConfigurationPlatforms) = preSolution
		Debug|Any CPU = Debug|Any CPU
		Release|Any CPU = Release|Any CPU
	EndGlobalSection
	GlobalSection(ProjectConfigurationPlatforms) = postSolution
		{7E5447B9-3A6E-40E4-BE05-3FB127149CA4}.Debug|Any CPU.ActiveCfg = Debug|Any CPU
		{7E5447B9-3A6E-40E4-BE05-3FB127149CA4}.Debug|Any CPU.Build.0 = Debug|Any CPU
		{7E5447B9-3A6E-40E4-BE05-3FB127149CA4}.Release|Any CPU.ActiveCfg = Release|Any CPU
		{7E5447B9-3A6E-40E4-BE05-3FB127149CA4}.Release|Any CPU.Build.0 = Release|Any CPU
	EndGlobalSection
	GlobalSection(SolutionProperties) = preSolution
		HideSolutionNode = FALSE
	EndGlobalSection
	GlobalSection(ExtensibilityGlobals) = postSolution
		SolutionGuid = {E85EE5D4-77DA-4C06-8B6B-1F4522F9DB07}
	EndGlobalSection
EndGlobal
